
Microsoft Visual Studio Solution File, Format Version 12.00
# Visual Studio Version 16
VisualStudioVersion = 16.0.31624.102
MinimumVisualStudioVersion = 10.0.40219.1
Project("{FAE04EC0-301F-11D3-BF4B-00C04F79EFBC}") = "Login UIs.Android", "Login UIs.Android\Login UIs.Android.csproj", "{6D4ACA54-AD7D-4ACD-AFF5-901F01A22E4D}"
EndProject
Project("{FAE04EC0-301F-11D3-BF4B-00C04F79EFBC}") = "Login UIs.iOS", "Login UIs.iOS\Login UIs.iOS.csproj", "{10174FCE-9F08-4BC9-BD22-221686699784}"
EndProject
Project("{FAE04EC0-301F-11D3-BF4B-00C04F79EFBC}") = "Login UIs", "Login UIs\Login UIs.csproj", "{950DBE3A-CFE0-481B-85EF-4255DCA8710A}"
EndProject
Global
	GlobalSection(SolutionConfigurationPlatforms) = preSolution
		Debug|Any CPU = Debug|Any CPU
		Debug|iPhone = Debug|iPhone
		Debug|iPhoneSimulator = Debug|iPhoneSimulator
		Release|Any CPU = Release|Any CPU
		Release|iPhone = Release|iPhone
		Release|iPhoneSimulator = Release|iPhoneSimulator
	EndGlobalSection
	GlobalSection(ProjectConfigurationPlatforms) = postSolution
		{6D4ACA54-AD7D-4ACD-AFF5-901F01A22E4D}.Debug|Any CPU.ActiveCfg = Debug|Any CPU
		{6D4ACA54-AD7D-4ACD-AFF5-901F01A22E4D}.Debug|Any CPU.Build.0 = Debug|Any CPU
		{6D4ACA54-AD7D-4ACD-AFF5-901F01A22E4D}.Debug|Any CPU.Deploy.0 = Debug|Any CPU
		{6D4ACA54-AD7D-4ACD-AFF5-901F01A22E4D}.Debug|iPhone.ActiveCfg = Debug|Any CPU
		{6D4ACA54-AD7D-4ACD-AFF5-901F01A22E4D}.Debug|iPhone.Build.0 = Debug|Any CPU
		{6D4ACA54-AD7D-4ACD-AFF5-901F01A22E4D}.Debug|iPhone.Deploy.0 = Debug|Any CPU
		{6D4ACA54-AD7D-4ACD-AFF5-901F01A22E4D}.Debug|iPhoneSimulator.ActiveCfg = Debug|Any CPU
		{6D4ACA54-AD7D-4ACD-AFF5-901F01A22E4D}.Debug|iPhoneSimulator.Build.0 = Debug|Any CPU
		{6D4ACA54-AD7D-4ACD-AFF5-901F01A22E4D}.Debug|iPhoneSimulator.Deploy.0 = Debug|Any CPU
		{6D4ACA54-AD7D-4ACD-AFF5-901F01A22E4D}.Release|Any CPU.ActiveCfg = Release|Any CPU
		{6D4ACA54-AD7D-4ACD-AFF5-901F01A22E4D}.Release|Any CPU.Build.0 = Release|Any CPU
		{6D4ACA54-AD7D-4ACD-AFF5-901F01A22E4D}.Release|Any CPU.Deploy.0 = Release|Any CPU
		{6D4ACA54-AD7D-4ACD-AFF5-901F01A22E4D}.Release|iPhone.ActiveCfg = Release|Any CPU
		{6D4ACA54-AD7D-4ACD-AFF5-901F01A22E4D}.Release|iPhone.Build.0 = Release|Any CPU
		{6D4ACA54-AD7D-4ACD-AFF5-901F01A22E4D}.Release|iPhone.Deploy.0 = Release|Any CPU
		{6D4ACA54-AD7D-4ACD-AFF5-901F01A22E4D}.Release|iPhoneSimulator.ActiveCfg = Release|Any CPU
		{6D4ACA54-AD7D-4ACD-AFF5-901F01A22E4D}.Release|iPhoneSimulator.Build.0 = Release|Any CPU
		{6D4ACA54-AD7D-4ACD-AFF5-901F01A22E4D}.Release|iPhoneSimulator.Deploy.0 = Release|Any CPU
		{10174FCE-9F08-4BC9-BD22-221686699784}.Debug|Any CPU.ActiveCfg = Debug|iPhone
		{10174FCE-9F08-4BC9-BD22-221686699784}.Debug|Any CPU.Build.0 = Debug|iPhone
		{10174FCE-9F08-4BC9-BD22-221686699784}.Debug|Any CPU.Deploy.0 = Debug|iPhone
		{10174FCE-9F08-4BC9-BD22-221686699784}.Debug|iPhone.ActiveCfg = Debug|iPhone
		{10174FCE-9F08-4BC9-BD22-221686699784}.Debug|iPhone.Build.0 = Debug|iPhone
		{10174FCE-9F08-4BC9-BD22-221686699784}.Debug|iPhone.Deploy.0 = Debug|iPhone
		{10174FCE-9F08-4BC9-BD22-221686699784}.Debug|iPhoneSimulator.ActiveCfg = Debug|iPhoneSimulator
		{10174FCE-9F08-4BC9-BD22-221686699784}.Debug|iPhoneSimulator.Build.0 = Debug|iPhoneSimulator
		{10174FCE-9F08-4BC9-BD22-221686699784}.Debug|iPhoneSimulator.Deploy.0 = Debug|iPhoneSimulator
		{10174FCE-9F08-4BC9-BD22-221686699784}.Release|Any CPU.ActiveCfg = Release|iPhoneSimulator
		{10174FCE-9F08-4BC9-BD22-221686699784}.Release|Any CPU.Build.0 = Release|iPhoneSimulator
		{10174FCE-9F08-4BC9-BD22-221686699784}.Release|Any CPU.Deploy.0 = Release|iPhoneSimulator
		{10174FCE-9F08-4BC9-BD22-221686699784}.Release|iPhone.ActiveCfg = Release|iPhone
		{10174FCE-9F08-4BC9-BD22-221686699784}.Release|iPhone.Build.0 = Release|iPhone
		{10174FCE-9F08-4BC9-BD22-221686699784}.Release|iPhone.Deploy.0 = Release|iPhone
		{10174FCE-9F08-4BC9-BD22-221686699784}.Release|iPhoneSimulator.ActiveCfg = Release|iPhoneSimulator
		{10174FCE-9F08-4BC9-BD22-221686699784}.Release|iPhoneSimulator.Build.0 = Release|iPhoneSimulator
		{10174FCE-9F08-4BC9-BD22-221686699784}.Release|iPhoneSimulator.Deploy.0 = Release|iPhoneSimulator
		{950DBE3A-CFE0-481B-85EF-4255DCA8710A}.Debug|Any CPU.ActiveCfg = Debug|Any CPU
		{950DBE3A-CFE0-481B-85EF-4255DCA8710A}.Debug|Any CPU.Build.0 = Debug|Any CPU
		{950DBE3A-CFE0-481B-85EF-4255DCA8710A}.Debug|Any CPU.Deploy.0 = Debug|Any CPU
		{950DBE3A-CFE0-481B-85EF-4255DCA8710A}.Debug|iPhone.ActiveCfg = Debug|Any CPU
		{950DBE3A-CFE0-481B-85EF-4255DCA8710A}.Debug|iPhone.Build.0 = Debug|Any CPU
		{950DBE3A-CFE0-481B-85EF-4255DCA8710A}.Debug|iPhone.Deploy.0 = Debug|Any CPU
		{950DBE3A-CFE0-481B-85EF-4255DCA8710A}.Debug|iPhoneSimulator.ActiveCfg = Debug|Any CPU
		{950DBE3A-CFE0-481B-85EF-4255DCA8710A}.Debug|iPhoneSimulator.Build.0 = Debug|Any CPU
		{950DBE3A-CFE0-481B-85EF-4255DCA8710A}.Debug|iPhoneSimulator.Deploy.0 = Debug|Any CPU
		{950DBE3A-CFE0-481B-85EF-4255DCA8710A}.Release|Any CPU.ActiveCfg = Release|Any CPU
		{950DBE3A-CFE0-481B-85EF-4255DCA8710A}.Release|Any CPU.Build.0 = Release|Any CPU
		{950DBE3A-CFE0-481B-85EF-4255DCA8710A}.Release|Any CPU.Deploy.0 = Release|Any CPU
		{950DBE3A-CFE0-481B-85EF-4255DCA8710A}.Release|iPhone.ActiveCfg = Release|Any CPU
		{950DBE3A-CFE0-481B-85EF-4255DCA8710A}.Release|iPhone.Build.0 = Release|Any CPU
		{950DBE3A-CFE0-481B-85EF-4255DCA8710A}.Release|iPhone.Deploy.0 = Release|Any CPU
		{950DBE3A-CFE0-481B-85EF-4255DCA8710A}.Release|iPhoneSimulator.ActiveCfg = Release|Any CPU
		{950DBE3A-CFE0-481B-85EF-4255DCA8710A}.Release|iPhoneSimulator.Build.0 = Release|Any CPU
		{950DBE3A-CFE0-481B-85EF-4255DCA8710A}.Release|iPhoneSimulator.Deploy.0 = Release|Any CPU
	EndGlobalSection
	GlobalSection(SolutionProperties) = preSolution
		HideSolutionNode = FALSE
	EndGlobalSection
	GlobalSection(ExtensibilityGlobals) = postSolution
		SolutionGuid = {DF04505D-CD08-4E26-ABE5-1EE4E7BA6924}
	EndGlobalSection
EndGlobal
